# This file was autogenerated by uv via the following command:
#    uv export --frozen --no-dev --no-emit-project --format requirements-txt --output-file containers/requirements.lock
alembic==1.19.2 \
    --hash=sha256:297950a8a91f6770eb82bfbce9bea55c728b90a5386c6e81430191a319d138b0 \
    --hash=sha256:32d553dcd577e6fe5c3c63e91468526d35e4dcecafe865d7db4e9b328fa93cb2
    # via traceproof
annotated-doc==0.0.5 \
    --hash=sha256:117bac03a25ede5df5440e855b32d556049ca169ead221505badf432fed4b101 \
    --hash=sha256:c7e58ce09192557605d8bbd92836d7e1d520ac9580096042c0bfd197efacf1bb
    # via typer
annotated-types==0.8.0 \
    --hash=sha256:13b2beaad985e05e2d6407ee4c4f35590b11f8d693a258a561055cac8f64cab7 \
    --hash=sha256:f072f4d804ea359e4eaf198b1af7a8b0943881a87f31bb764f8bf219bb9419e0
    # via pydantic
colorama==0.4.6 ; sys_platform == 'win32' \
    --hash=sha256:08695f5cb7ed6e0531a20572697297273c47b8cae5a63ffc6d6ed5c201be6e44 \
    --hash=sha256:4f1d9991f5acc0ca119f9d443620b77f9d6b33703e51011c16baf57afb285fc6
    # via typer
greenlet==3.5.5 ; platform_machine == 'AMD64' or platform_machine == 'WIN32' or platform_machine == 'aarch64' or platform_machine == 'amd64' or platform_machine == 'ppc64le' or platform_machine == 'win32' or platform_machine == 'x86_64' \
    --hash=sha256:03115c2e0a371999bf8ae616aa8d653f96641d4705c457aebaa187276e9f7537 \
    --hash=sha256:0e5a7de979d764aea1f5b6e95cf92b5b37741b9823702041f34b126e7f690277 \
    --hash=sha256:12e2ee66c2aba86133f10fd99d6a8856c6d351ffb7be0e4d52ef2cc5fbb705b2 \
    --hash=sha256:147b25a42e5ca5be3d42356e8f608b37af715a1c196e9bf9d1627f3341adfe1d \
    --hash=sha256:182de51c6b572a705f2fafaab2e783bcf7d2760940229dfe73086cbae037af3e \
    --hash=sha256:1af90aa4bc129883b340cdd6957a3bc74f60528a4993bbd1f53aaebe1d9981cc \
    --hash=sha256:27493374cff1d1b7919dc8126547f2aea582737e3046147b434b1e12de56389b \
    --hash=sha256:2eabb980975cba5b93a95f6f69287d05fc05ac955bfd6a320a7c083eeb52c0b0 \
    --hash=sha256:4441153ffba21b90d3ca89fe3d31f5c093ae6c0bf0cfdfc98f54cde22f95b62e \
    --hash=sha256:44f08341873200ba8a60a8bc14ace3d91f1754f7fa7bc66157714a8cd420a476 \
    --hash=sha256:49520f0c95a48b42cf55414b8e8479beb274ea70431afc33e3f79903c71f4380 \
    --hash=sha256:499adea519f748407fc6806d20eedabac2884fd73b9f38d81236e190ba20dfef \
    --hash=sha256:49ddacd36af37735fab103846f4ee4d18a492dde72730d1699c0c8ebe30d9f18 \
    --hash=sha256:5173a72310725a74afc82c164f0e52cb8ad0de62f2bb623f24f6c0cc07d80272 \
    --hash=sha256:55272212cbc5f43d1d723725ab931f1939969b7e9523882ca58b55061769d053 \
    --hash=sha256:5e2afcfc4d4305dd715809b03da5cbe437c8984f61d8917751eb5fe4aefa3e07 \
    --hash=sha256:5f1b1ff4828cdc1aba4266aff814085d04a1d07959287219af021b838b265d52 \
    --hash=sha256:634cf15a233a949136879dd388e25d3296e16f3f1e217d2456797b8579ebc6ed \
    --hash=sha256:655bca754a2ef4efcb0eb48a94d3f4593536d0f3d48f8ed44343c01d16a92f95 \
    --hash=sha256:70b157cd319873e8b544ddc2de158f55bbd0a9b0218c8ce9332039801518e328 \
    --hash=sha256:72507285b5caa1d17904a3f7c322ca780823a54170a0e04ec3f37bcc60d4db71 \
    --hash=sha256:7805655781fb8f28a55d05fe57ed61f5f10f1892fb587673e3bb5264f28041f0 \
    --hash=sha256:7dffc5c859fe6059974df1e37d7923d654a83e2ae18fdd616994270e001115e1 \
    --hash=sha256:8bdfd1424abcf26832961e766570cae79efdb9599d709088c9cb6ef82b194926 \
    --hash=sha256:8fec3f165dfe332e490c3247c0f6c23b0bfc45f06496ad7f00ddb00e3d35e4dc \
    --hash=sha256:95c5b1f4b3a193f8a0c2de4bfdcb48d119f7f1063941f1de1f2168051b3e52dd \
    --hash=sha256:adb4bae02e91a8e863e48b177e4014bdcac8a6b5e047ea1df687a61534b85e6c \
    --hash=sha256:b79fd2a5bc099b5e744f34c4c9a58954a5f4cb7529fb4b6e8446057d61b6edaa \
    --hash=sha256:c6ce25fee6cabc8bf22cb8b52e642cbb821be5b9aec8094d07ff03378141b8e9 \
    --hash=sha256:d246c0db9a2513cd45f019ba178ea4d4d4705bd210ee465e2c15d76a1ab13874 \
    --hash=sha256:d4a389a852e392a6366058651a20fa5ba40d979865aa81bea2ccbdc44805070d \
    --hash=sha256:fef01bd457f11fc158b130ca0027a3c365693280e8e231b65bdaf57999f39f5b
    # via sqlalchemy
mako==1.4.1 \
    --hash=sha256:a359d9a94a541213958742b2698d0a7757bb83551767bc468a74b9905aba9617 \
    --hash=sha256:d7904710b662996425a21627710c4777c45053146942cf8a7aebf757c92b8c27
    # via alembic
markdown-it-py==4.2.0 \
    --hash=sha256:04a21681d6fbb623de53f6f364d352309d4094dd4194040a10fd51833e418d49 \
    --hash=sha256:9f7ebbcd14fe59494226453aed97c1070d83f8d24b6fc3a3bcf9a38092641c4a
    # via rich
markupsafe==3.0.3 \
    --hash=sha256:0eb9ff8191e8498cca014656ae6b8d61f39da5f95b488805da4bb029cccbfbaf \
    --hash=sha256:1085e7fbddd3be5f89cc898938f42c0b3c711fdcb37d75221de2666af647c175 \
    --hash=sha256:116bb52f642a37c115f517494ea5feb03889e04df47eeff5b130b1808ce7c219 \
    --hash=sha256:12c63dfb4a98206f045aa9563db46507995f7ef6d83b2f68eda65c307c6829eb \
    --hash=sha256:133a43e73a802c5562be9bbcd03d090aa5a1fe899db609c29e8c8d815c5f6de6 \
    --hash=sha256:1353ef0c1b138e1907ae78e2f6c63ff67501122006b0f9abad68fda5f4ffc6ab \
    --hash=sha256:1872df69a4de6aead3491198eaf13810b565bdbeec3ae2dc8780f14458ec73ce \
    --hash=sha256:1b4b79e8ebf6b55351f0d91fe80f893b4743f104bff22e90697db1590e47a218 \
    --hash=sha256:1b52b4fb9df4eb9ae465f8d0c228a00624de2334f216f178a995ccdcf82c4634 \
    --hash=sha256:218551f6df4868a8d527e3062d0fb968682fe92054e89978594c28e642c43a73 \
    --hash=sha256:26a5784ded40c9e318cfc2bdb30fe164bdb8665ded9cd64d500a34fb42067b1c \
    --hash=sha256:2713baf880df847f2bece4230d4d094280f4e67b1e813eec43b4c0e144a34ffe \
    --hash=sha256:32001d6a8fc98c8cb5c947787c5d08b0a50663d139f1305bac5885d98d9b40fa \
    --hash=sha256:3524b778fe5cfb3452a09d31e7b5adefeea8c5be1d43c4f810ba09f2ceb29d37 \
    --hash=sha256:35add3b638a5d900e807944a078b51922212fb3dedb01633a8defc4b01a3c85f \
    --hash=sha256:3a7e8ae81ae39e62a41ec302f972ba6ae23a5c5396c8e60113e9066ef893da0d \
    --hash=sha256:457a69a9577064c05a97c41f4e65148652db078a3a509039e64d3467b9e7ef97 \
    --hash=sha256:4e885a3d1efa2eadc93c894a21770e4bc67899e3543680313b09f139e149ab19 \
    --hash=sha256:4faffd047e07c38848ce017e8725090413cd80cbc23d86e55c587bf979e579c9 \
    --hash=sha256:509fa21c6deb7a7a273d629cf5ec029bc209d1a51178615ddf718f5918992ab9 \
    --hash=sha256:5678211cb9333a6468fb8d8be0305520aa073f50d17f089b5b4b477ea6e67fdc \
    --hash=sha256:5a7d5dc5140555cf21a6fefbdbf8723f06fcd2f63ef108f2854de715e4422cb4 \
    --hash=sha256:69c0b73548bc525c8cb9a251cddf1931d1db4d2258e9599c28c07ef3580ef354 \
    --hash=sha256:722695808f4b6457b320fdc131280796bdceb04ab50fe1795cd540799ebe1698 \
    --hash=sha256:729586769a26dbceff69f7a7dbbf59ab6572b99d94576a5592625d5b411576b9 \
    --hash=sha256:77f0643abe7495da77fb436f50f8dab76dbc6e5fd25d39589a0f1fe6548bfa2b \
    --hash=sha256:795e7751525cae078558e679d646ae45574b47ed6e7771863fcc079a6171a0fc \
    --hash=sha256:7e68f88e5b8799aa49c85cd116c932a1ac15caaa3f5db09087854d218359e485 \
    --hash=sha256:83891d0e9fb81a825d9a6d61e3f07550ca70a076484292a70fde82c4b807286f \
    --hash=sha256:8485f406a96febb5140bfeca44a73e3ce5116b2501ac54fe953e488fb1d03b12 \
    --hash=sha256:8709b08f4a89aa7586de0aadc8da56180242ee0ada3999749b183aa23df95025 \
    --hash=sha256:8f71bc33915be5186016f675cd83a1e08523649b0e33efdb898db577ef5bb009 \
    --hash=sha256:915c04ba3851909ce68ccc2b8e2cd691618c4dc4c4232fb7982bca3f41fd8c3d \
    --hash=sha256:94c6f0bb423f739146aec64595853541634bde58b2135f27f61c1ffd1cd4d16a \
    --hash=sha256:9a1abfdc021a164803f4d485104931fb8f8c1efd55bc6b748d2f5774e78b62c5 \
    --hash=sha256:9b79b7a16f7fedff2495d684f2b59b0457c3b493778c9eed31111be64d58279f \
    --hash=sha256:a4afe79fb3de0b7097d81da19090f4df4f8d3a2b3adaa8764138aac2e44f3af1 \
    --hash=sha256:ad2cf8aa28b8c020ab2fc8287b0f823d0a7d8630784c31e9ee5edea20f406287 \
    --hash=sha256:b8512a91625c9b3da6f127803b166b629725e68af71f8184ae7e7d54686a56d6 \
    --hash=sha256:bdc919ead48f234740ad807933cdf545180bfbe9342c2bb451556db2ed958581 \
    --hash=sha256:bdd37121970bfd8be76c5fb069c7751683bdf373db1ed6c010162b2a130248ed \
    --hash=sha256:be8813b57049a7dc738189df53d69395eba14fb99345e0a5994914a3864c8a4b \
    --hash=sha256:c47a551199eb8eb2121d4f0f15ae0f923d31350ab9280078d1e5f12b249e0026 \
    --hash=sha256:ccfcd093f13f0f0b7fdd0f198b90053bf7b2f02a3927a30e63f3ccc9df56b676 \
    --hash=sha256:d53197da72cc091b024dd97249dfc7794d6a56530370992a5e1a08983ad9230e \
    --hash=sha256:d6dd0be5b5b189d31db7cda48b91d7e0a9795f31430b7f271219ab30f1d3ac9d \
    --hash=sha256:d88b440e37a16e651bda4c7c2b930eb586fd15ca7406cb39e211fcff3bf3017d \
    --hash=sha256:e1cf1972137e83c5d4c136c43ced9ac51d0e124706ee1c8aa8532c1287fa8795 \
    --hash=sha256:e56b7d45a839a697b5eb268c82a71bd8c7f6c94d6fd50c3d577fa39a9f1409f5 \
    --hash=sha256:e8afc3f2ccfa24215f8cb28dcf43f0113ac3c37c2f0f0806d8c70e4228c5cf4d \
    --hash=sha256:eaa9599de571d72e2daf60164784109f19978b327a3910d3e9de8c97b5b70cfe \
    --hash=sha256:ec15a59cf5af7be74194f7ab02d0f59a62bdcf1a537677ce67a2537c9b87fcda \
    --hash=sha256:f190daf01f13c72eac4efd5c430a8de82489d9cff23c364c3ea822545032993e \
    --hash=sha256:f34c41761022dd093b4b6896d4810782ffbabe30f2d443ff5f083e0cbbb8c737 \
    --hash=sha256:f3e98bb3798ead92273dc0e5fd0f31ade220f59a266ffd8a4f6065e0a3ce0523 \
    --hash=sha256:fed51ac40f757d41b7c48425901843666a6677e3e8eb0abcff09e4ba6e664f50
    # via mako
mdurl==0.1.2 \
    --hash=sha256:84008a41e51615a49fc9966191ff91509e3c40b939176e643fd50a5c2196b8f8 \
    --hash=sha256:bb413d29f5eea38f31dd4754dd7377d4465116fb207585f97bf925588687c1ba
    # via markdown-it-py
pydantic==2.13.5 \
    --hash=sha256:346a034f080da3755d8e9cb5e00e8b07de1d39e4f6e2c87d8ab7cafa0b269a73 \
    --hash=sha256:51a9c5f7b2f8e636f04c6cada605d9b6a3bf1348fdf945a3d8869b19bba0ee08
    # via traceproof
pydantic-core==2.46.5 \
    --hash=sha256:013d6f3483d81e02e7c328831808f336c8596ee33b4bd4026b9ffb1e960b8942 \
    --hash=sha256:03b9666e41e35d8909852ba191a0607520f81b74eaf12ccf8737005dbb313821 \
    --hash=sha256:045ab3b6d308439e32b81cc173bba5b9018bc6ed896afd0c65b3b009b1699af5 \
    --hash=sha256:0cdbada856a1c69a7624a64d3d9aefe79300bd6ef827b43a4f265010b9b55184 \
    --hash=sha256:0fc5be0abd4a407e200d844b404e33639a554e7bd0d448e7b9ae181be4789ac2 \
    --hash=sha256:10416c15b8839ecc4ef4d0885da76da6fd0f67333a0eb8aff6d93c4b8f2910fc \
    --hash=sha256:15f4a94963c95accac15b7b657bb177d3ad82bb90b0d0526d9a9b85079925db5 \
    --hash=sha256:18a09e1e1011b462f2e32774f25859ef1223d5c2b0546a633cf56654710721e0 \
    --hash=sha256:193375f3548919d3f0b60936ca113ada3e38f264f91b9b8e0508efaad57be931 \
    --hash=sha256:1a353f84de772f423b5ffb11d7ae352fbbef0f446f3c0b0af0f8236d7233606e \
    --hash=sha256:24922243639cbdac66c75fcb6fd6495a9cb52b213d62f9a0d16f0310b1ff8038 \
    --hash=sha256:2bc9419666990c06d7397831f2126a1ecc3594aaa3ff7de5bf2d066802f4e07b \
    --hash=sha256:2cbd9a5eff05e51c447c34dfa4632145b26b09120cf04bd0c871e44c1a5e1c9a \
    --hash=sha256:2d5d76654becf5efd62c9e51c3756c67b49498b0c9a40884934c40807adbd074 \
    --hash=sha256:347ec774390c87326a2e4929d58d3f7e8763a104d5d35f4cd595a4c952366433 \
    --hash=sha256:37ae34309d7bd8c0d61ab839668058f2a7962ea1fc51d105d2db228fe0618034 \
    --hash=sha256:37ea7b83c935e5b0d68c9449b82651accf78a10828b2c02b2f2d9e9496446c21 \
    --hash=sha256:46c25dda9d092a06c08db76ffe0a197107904d0dfac653f7d5306bbcd6d6119c \
    --hash=sha256:4fdc8b93a41521988916eeaa271173fcca7fa0803d62f87675aac8dcec1c8e29 \
    --hash=sha256:5086029a57366b8cf81b130a43908738095c270c21a8d7f0e8bdfdb89718e2f3 \
    --hash=sha256:52e24eacdb536cade636aa90fb851835222becff8484b7001fdc78cb0290f2aa \
    --hash=sha256:545f26c504b27c3758439a5e6d9349931f0a04f855668d5fe323c89e82300a38 \
    --hash=sha256:54d510bac3ee52247af28ed4bb18a1e799f040ac60fd2bf5ccd4c92f1fbe786f \
    --hash=sha256:5cb482e9e84c851f4e623fe4acc1ced89168cf1fe18f7089db4548c8f5bbb65b \
    --hash=sha256:5e81740c09e310f5aa5cbd3e434a01c154d4bef93241c7877b39f211d2b78ba8 \
    --hash=sha256:5ee239d575f80b08eca11f6e20f90c4c695de7825c67eefe6091fbf20dda648e \
    --hash=sha256:5f194189415698233dd1114a093a9b56e61e2c57e11b469be3b0506f46f0771c \
    --hash=sha256:6f7b393a8b3da82f5c1fc0751e6d01ac6c55b93c18226a60bdfba4a724efafd1 \
    --hash=sha256:79bdfa52f843137045b2d081cc05c120ba6665d29b7559c2c47690906f39279f \
    --hash=sha256:7ac031912d54f3d83ef3b3eb98dfabc1608802e2202263d25957eeed40b94761 \
    --hash=sha256:816ff0a6550ffc06c098ccd2e0698600f9aa7da192a79eaa6f9af504a35db869 \
    --hash=sha256:82a36973cf8a2ef5406f4fe2edbf8ed0c99629535d959e0b100c76a32535a111 \
    --hash=sha256:837b396ca3d7b74091ca623f6cbd8351bd42d670a79c2683e79fb089f06a2de5 \
    --hash=sha256:8816f3d218beb4b787de5c9759c259b8fa61f9dec42dc7811f320a33771778b7 \
    --hash=sha256:8e24d8f05fa2d28513d94e877e9c75ad66175376209b3977f916e240e623193c \
    --hash=sha256:976e1128455aa595ea04c79ccfedff1aaeab96ee013fcc916bed120c4f0ad94f \
    --hash=sha256:97bf8de4d541598c94a59344eeb988a94c08ff76b5723c41f6567ec18c7892ea \
    --hash=sha256:97cf3eb53a8cccacf9d46686a0926186c9bfb5574f2ed66d3639d5fe117cd3a9 \
    --hash=sha256:9c4b71f10dd532fb7a5cbc8f58707779e64f03a258c2bf8bfbaecfcd9970b519 \
    --hash=sha256:a2a5e1d0ff29adddc9f6d6821a66302e4493f8ca898b715b6b1182c2c201ea0a \
    --hash=sha256:a39ac25a9a2fa4072efdb429833c4a4c8009a51ff9eea3eeae131713cd27991e \
    --hash=sha256:a91c17edf6eea2402cb5457b4c89e99bc5ed1004aa34c4adf1d4258c1a5c22c2 \
    --hash=sha256:acf8a67ba51f4ca9ddbd0e6b3000a65ac51ab734661778b3e7ba64d99a710f2f \
    --hash=sha256:b49924c73a235e969511bf2aabdff3beebf9820931f646c80274d5d780010c47 \
    --hash=sha256:b7ca9034437b6022f941f4857459562ee00a560b97e7cce8a0ec5a74fc6766e0 \
    --hash=sha256:b98134087d9de723658d17a42c7d0da8d6e2ef08015dee7dc93889047315f5e4 \
    --hash=sha256:b9fe6fb92520e3fd61f2e49000b6911b188824f089b75973ea06d6267f0b476d \
    --hash=sha256:bce57638e08ac148e5778cce7feb968307a727d66f8e2274a543d0cf0c9ad6a3 \
    --hash=sha256:c1c43ad4339643d70ebb8124e1305a7dab423001eff58bb41a0f731adbc98355 \
    --hash=sha256:c76fe65e607be28c7fd4d56fc3c42b1583aa058ce3408b7ad0fd540171d31f9f \
    --hash=sha256:c7ea57fc63aa7da93a1bd2d644e6577befae10c52c4e36377635eea1056a74f5 \
    --hash=sha256:cdbb78909f52b981d3b2d56b97328d71eb0b974c36bd77c920123a7ebb192829 \
    --hash=sha256:d22a945598fb91236b4dd793a6e42e4f3dd7740bb5aace5ebd7d4c08d13bb575 \
    --hash=sha256:d2f9fc07a8042a8f95925b35c4f04f469707c981fc33245b6ca187cf5d2dd290 \
    --hash=sha256:d925f3d9afd05a8c0fb3a1031463a8d59ebe5e2afad297e29c78be19e13b4e62 \
    --hash=sha256:e64e88d5585bea9ce95861079de72006c7fa6d3df4e3a3b65ba31eb979c15c9f \
    --hash=sha256:e652ab17569c94bff5475520f907b7148b8c24036a8ebbe5cf7cf7493d28579a \
    --hash=sha256:e7b891faeedeafba41b2983e5001a81b6a915b69544c7e7570d1989ce1c36ac7 \
    --hash=sha256:e80675d75ae2cd14372cb65cad5400d9347a3d3f6c13000183f22dfd027283ed \
    --hash=sha256:e9c134bb666dd54b778b9fc0d2b50cbb7f979b9e3716f26a88c9ab3b6fc1dd0f \
    --hash=sha256:efd62a42486f1bda5d24cb4f63d15a3c7768375fe83d36f9417b4ad7a2fb20b3 \
    --hash=sha256:f332f0e72a5a0400141f830744e141bf9f97917878dbe968669e8a7fefea78ff \
    --hash=sha256:f7b0ec93a2893de856652154d73b7ba622f26fa97726487dcac373de5f4c6084 \
    --hash=sha256:fa10ef4112775900e7a0661068635eb67b2ab824fbde764de6e0e21982a93db0 \
    --hash=sha256:ff218293c9c806138dca139765e3b067621be52bcd93cdc14c7711be7ddc90a9
    # via pydantic
pygments==2.21.0 \
    --hash=sha256:2363c69b61c4a97c838da3b130dcd6468f4848992b21a82f2a63ec34377137d9 \
    --hash=sha256:610ca751c9bc2492b38eb9a38a7fbc93edbbb2d7182edaf34e66ae493dee5c8c
    # via rich
rich==15.0.0 \
    --hash=sha256:33bd4ef74232fb73fe9279a257718407f169c09b78a87ad3d296f548e27de0bb \
    --hash=sha256:edd07a4824c6b40189fb7ac9bc4c52536e9780fbbfbddf6f1e2502c31b068c36
    # via typer
shellingham==1.5.4 \
    --hash=sha256:7ecfff8f2fd72616f7481040475a65b2bf8af90a56c89140852d1120324e8686 \
    --hash=sha256:8dbca0739d487e5bd35ab3ca4b36e11c4078f3a234bfce294b0a0291363404de
    # via typer
sqlalchemy==2.0.52 \
    --hash=sha256:1b2d9e507a458832adcfbd8af6e2036ddf069b7710b799448542ebccae2dceee \
    --hash=sha256:2d5e53e36e37129fe0be8b9d08b6e4052c10a963ee6cda56c8c10dcc194b99ca \
    --hash=sha256:2eb3c6a64b1bfe6704777cfd504e7b8ad093a5f3e03ce67663a5e6742f294e43 \
    --hash=sha256:37a4d548327b6cab9c7d8cdb4e0e82feabee0110c4d150059068e2d1cfbd99ee \
    --hash=sha256:3b81b8363a919ce53453591cdb93702e6bd54ade6c4fa2f468fc053baee5ed89 \
    --hash=sha256:410d52be41d17f1a236d19520fbe776257dc16516ed06bd16d433311842aefd9 \
    --hash=sha256:49565daf5af554f538e23aef1fc81a95a4e49658f152285e45c02f5fc44f04cd \
    --hash=sha256:50bff43b632a56fbf5ed9afdd76307e1512b62051bcd5afb341ae67205bbb6c8 \
    --hash=sha256:5e2d46356ac2ccb7d268ab6c2319ac6a2b42f1b8d5fd8bd3d46855cd82abee97 \
    --hash=sha256:651d6d8782e80679e6151707c7b490834d46ada526328895abf567f25e63d29c \
    --hash=sha256:812bae5138bfc0aa46fb0686da0fc7f581f68e2bbb05bc24c3713bebaedd1437 \
    --hash=sha256:8738008376d22f30f411ea3efecf39b51110b6996d80bb73786f30bcfdd5fd3b \
    --hash=sha256:923bb183c1dc64fdf7b717965e3d59938ec4f8b8710b419a21ce403e5da9a9e1 \
    --hash=sha256:9876b09b9f1ce7398b0ffece585c0a911244c53191187341f6bcae640e133751 \
    --hash=sha256:a593db51b3bae75db17a5738ad5f992244b3a03863f83c28117ee482c6a3f76d \
    --hash=sha256:ab66fa9618269390d4dfa222f2f2f88f7bc4bf5da13905131b818217db7e8057 \
    --hash=sha256:ab9da41e61b9979b910499d633b241df20c51ee5037e5405b11c2faac3cbe1a2 \
    --hash=sha256:afda3ec521d0517d0de783fc70030775841900896d832de5bbd066549290470e \
    --hash=sha256:b08cddb8989775e3c88799d86704bdfc3ee6e9846118201aa5997f16f27e3a15 \
    --hash=sha256:be8c49131665dfe2cc74c498aa1240ffb548d0fd901325dd11c2c7a18956f727 \
    --hash=sha256:c1e61d08bdf4ee2f41024569e3400de7d6734ba498144766b11260936ccfa582 \
    --hash=sha256:c63bda077685c85ca513286547a531ba57e7a68cf0a7ed3bafcc2bbd18896f4d \
    --hash=sha256:dfe9ce533dbe4d0a2ae1486546619bd30b76bcd670539a44d910361376175f5e \
    --hash=sha256:e49f51a5d59857a7a0dcaf9469febf7197d9394bd88f00d69c2c4e848112cdbf
    # via
    #   alembic
    #   traceproof
tree-sitter==0.25.2 \
    --hash=sha256:0628671f0de69bb279558ef6b640bcfc97864fe0026d840f872728a86cd6b6cd \
    --hash=sha256:0c8b6682cac77e37cfe5cf7ec388844957f48b7bd8d6321d0ca2d852994e10d5 \
    --hash=sha256:260586381b23be33b6191a07cea3d44ecbd6c01aa4c6b027a0439145fcbc3358 \
    --hash=sha256:463c032bd02052d934daa5f45d183e0521ceb783c2548501cf034b0beba92c9b \
    --hash=sha256:4973b718fcadfb04e59e746abfbb0288694159c6aeecd2add59320c03368c721 \
    --hash=sha256:65d3c931013ea798b502782acab986bbf47ba2c452610ab0776cf4a8ef150fc0 \
    --hash=sha256:6d0302550bbe4620a5dc7649517c4409d74ef18558276ce758419cf09e578897 \
    --hash=sha256:7d2ee1acbacebe50ba0f85fff1bc05e65d877958f00880f49f9b2af38dce1af0 \
    --hash=sha256:b3f63a1796886249bd22c559a5944d64d05d43f2be72961624278eff0dcc5cb8 \
    --hash=sha256:b43a9e4c89d4d0839de27cd4d6902d33396de700e9ff4c5ab7631f277a85ead9 \
    --hash=sha256:b878e296e63661c8e124177cc3084b041ba3f5936b43076d57c487822426f614 \
    --hash=sha256:b8d4429954a3beb3e844e2872610d2a4800ba4eb42bb1990c6a4b1949b18459f \
    --hash=sha256:bd88fbb0f6c3a0f28f0a68d72df88e9755cf5215bae146f5a1bdc8362b772053 \
    --hash=sha256:bda059af9d621918efb813b22fb06b3fe00c3e94079c6143fcb2c565eb44cb87 \
    --hash=sha256:c0c0ab5f94938a23fe81928a21cc0fac44143133ccc4eb7eeb1b92f84748331c \
    --hash=sha256:d77605e0d353ba3fe5627e5490f0fbfe44141bafa4478d88ef7954a61a848dae \
    --hash=sha256:dd12d80d91d4114ca097626eb82714618dcdfacd6a5e0955216c6485c350ef99 \
    --hash=sha256:ddabfff809ffc983fc9963455ba1cecc90295803e06e140a4c83e94c1fa3d960 \
    --hash=sha256:eac4e8e4c7060c75f395feec46421eb61212cb73998dbe004b7384724f3682ab \
    --hash=sha256:f5ddcd3e291a749b62521f71fc953f66f5fd9743973fd6dd962b092773569601 \
    --hash=sha256:fbb1706407c0e451c4f8cc016fec27d72d4b211fdd3173320b1ada7a6c74c3ac \
    --hash=sha256:fe43c158555da46723b28b52e058ad444195afd1db3ca7720c59a254544e9c20
    # via traceproof
tree-sitter-c-sharp==0.23.5 \
    --hash=sha256:05a9256415e7f24d4f133133794a9c224c60d19f677a04e2f6a94c25090b6d65 \
    --hash=sha256:2635c7d5ec93e59f2e831b571bed99c4cc68a5d183a0994020aa769e1b990a71 \
    --hash=sha256:2de4ebf95ddc2e92cd3105c8a8e0e7ec646bc82f52bfaf2f3acec0fa2401ec09 \
    --hash=sha256:3ea38fb095d85d360dc5a0bec2fa605e496228876f798c9e089d5f0e72bcef46 \
    --hash=sha256:41a28cfa3d9ea50f5629e44550a03188c8fbd5079803dfc03554b6fd594b33fa \
    --hash=sha256:61e1981cf21b09ee547b9c4c68e64fb4394325f8fc8d5f6d50d41471eba923ea \
    --hash=sha256:8636dc70b5a373c35c1036ed5de98e801f2e4d105ae41e2e20b6804c36e3bf33 \
    --hash=sha256:a75994a11f6fed3f5b8c36ad6a00e5dc43205bd912c43af3a2a54fdf649664eb \
    --hash=sha256:aa88a780204cd153c4c1ae2d59c654cee1402212fa0d069823d6d34301587438
    # via traceproof
tree-sitter-java==0.23.5 \
    --hash=sha256:1ee45e790f8d31d416bc84a09dac2e2c6bc343e89b8a2e1d550513498eedfde7 \
    --hash=sha256:24acd59c4720dedad80d548fe4237e43ef2b7a4e94c8549b0ca6e4c4d7bf6e69 \
    --hash=sha256:355ce0308672d6f7013ec913dee4a0613666f4cda9044a7824240d17f38209df \
    --hash=sha256:370b204b9500b847f6d0c5ad584045831cee69e9a3e4d878535d39e4a7e4c4f1 \
    --hash=sha256:402efe136104c5603b429dc26c7e75ae14faaca54cfd319ecc41c8f2534750f4 \
    --hash=sha256:9401e7271f0b333df39fc8a8336a0caf1b891d9a2b89ddee99fae66b794fc5b7 \
    --hash=sha256:aae84449e330363b55b14a2af0585e4e0dae75eb64ea509b7e5b0e1de536846a \
    --hash=sha256:f5cd57b8f1270a7f0438878750d02ccc79421d45cca65ff284f1527e9ef02e38
    # via traceproof
typer==0.27.2 \
    --hash=sha256:269b7eb9d3c202ca84b4bc9618cb04ebb43d3d4d1e567e4c768607232c05f945 \
    --hash=sha256:b3a5fc4342d5fc8fda8fc3010b1cf117e9249aab7fae800c2eff62fd3842d97d
    # via traceproof
typing-extensions==4.16.0 \
    --hash=sha256:481caa481374e813c1b176ada14e97f1f67a4539ce9cfeb3f350d78d6370c2e8 \
    --hash=sha256:dc983d19a509c94dba722ee6abd33940f7c05a89e243c47e907eb4db6f1a43e5
    # via
    #   alembic
    #   pydantic
    #   pydantic-core
    #   sqlalchemy
    #   typing-inspection
typing-inspection==0.4.4 \
    --hash=sha256:547274fa6b0a561ccf549cc9524b999a578e737d015d8709d021f9d0d13bea47 \
    --hash=sha256:65b8397ba37ccbce054456aaccddfc91e6e3083c92824df348d96ca832f3f147
    # via pydantic
